
Microsoft Visual Studio Solution File, Format Version 12.00
# Visual Studio Version 17
VisualStudioVersion = 17.7.34031.279
MinimumVisualStudioVersion = 10.0.40219.1
Project("{9A19103F-16F7-4668-BE54-9A1E7A4F7556}") = "ConsoleArrayEx1", "ConsoleArrayEx1\ConsoleArrayEx1.csproj", "{1A7D7759-2AEB-40A6-A614-4C8D2F6FA178}"
EndProject
Project("{9A19103F-16F7-4668-BE54-9A1E7A4F7556}") = "ConsoleArrayEx2", "ConsoleArrayEx2\ConsoleArrayEx2.csproj", "{FD302BC7-BA54-4AE5-B2FA-A54991B812AD}"
EndProject
Project("{FAE04EC0-301F-11D3-BF4B-00C04F79EFBC}") = "BubbleSortEx1", "BubbleSortEx1\BubbleSortEx1.csproj", "{EC22CAF6-C1C6-4716-8C14-EBCDF91FA0C0}"
EndProject
Project("{FAE04EC0-301F-11D3-BF4B-00C04F79EFBC}") = "ShakerSortEx1", "ShakerSortEx1\ShakerSortEx1.csproj", "{6119DD48-6C06-440A-8B18-70FBE524A070}"
EndProject
Project("{2150E333-8FDC-42A3-9474-1A3956D46DE8}") = "SortedMethods", "SortedMethods", "{52ABDC67-2C28-4B3D-81BD-685FADAD36DE}"
EndProject
Project("{2150E333-8FDC-42A3-9474-1A3956D46DE8}") = "EncryptMethods", "EncryptMethods", "{3816A42D-B2F4-4153-B0FD-768F0B8BE53F}"
EndProject
Project("{FAE04EC0-301F-11D3-BF4B-00C04F79EFBC}") = "AtbashEncrypt", "AtbashEncrypt\AtbashEncrypt.csproj", "{7A8D89E6-D4DB-4619-885D-6EFCBCCE6FF0}"
EndProject
Global
	GlobalSection(SolutionConfigurationPlatforms) = preSolution
		Debug|Any CPU = Debug|Any CPU
		Debug|x64 = Debug|x64
		Debug|x86 = Debug|x86
		Release|Any CPU = Release|Any CPU
		Release|x64 = Release|x64
		Release|x86 = Release|x86
	EndGlobalSection
	GlobalSection(ProjectConfigurationPlatforms) = postSolution
		{1A7D7759-2AEB-40A6-A614-4C8D2F6FA178}.Debug|Any CPU.ActiveCfg = Debug|Any CPU
		{1A7D7759-2AEB-40A6-A614-4C8D2F6FA178}.Debug|Any CPU.Build.0 = Debug|Any CPU
		{1A7D7759-2AEB-40A6-A614-4C8D2F6FA178}.Debug|x64.ActiveCfg = Debug|Any CPU
		{1A7D7759-2AEB-40A6-A614-4C8D2F6FA178}.Debug|x64.Build.0 = Debug|Any CPU
		{1A7D7759-2AEB-40A6-A614-4C8D2F6FA178}.Debug|x86.ActiveCfg = Debug|Any CPU
		{1A7D7759-2AEB-40A6-A614-4C8D2F6FA178}.Debug|x86.Build.0 = Debug|Any CPU
		{1A7D7759-2AEB-40A6-A614-4C8D2F6FA178}.Release|Any CPU.ActiveCfg = Release|Any CPU
		{1A7D7759-2AEB-40A6-A614-4C8D2F6FA178}.Release|Any CPU.Build.0 = Release|Any CPU
		{1A7D7759-2AEB-40A6-A614-4C8D2F6FA178}.Release|x64.ActiveCfg = Release|Any CPU
		{1A7D7759-2AEB-40A6-A614-4C8D2F6FA178}.Release|x64.Build.0 = Release|Any CPU
		{1A7D7759-2AEB-40A6-A614-4C8D2F6FA178}.Release|x86.ActiveCfg = Release|Any CPU
		{1A7D7759-2AEB-40A6-A614-4C8D2F6FA178}.Release|x86.Build.0 = Release|Any CPU
		{FD302BC7-BA54-4AE5-B2FA-A54991B812AD}.Debug|Any CPU.ActiveCfg = Debug|Any CPU
		{FD302BC7-BA54-4AE5-B2FA-A54991B812AD}.Debug|Any CPU.Build.0 = Debug|Any CPU
		{FD302BC7-BA54-4AE5-B2FA-A54991B812AD}.Debug|x64.ActiveCfg = Debug|Any CPU
		{FD302BC7-BA54-4AE5-B2FA-A54991B812AD}.Debug|x64.Build.0 = Debug|Any CPU
		{FD302BC7-BA54-4AE5-B2FA-A54991B812AD}.Debug|x86.ActiveCfg = Debug|Any CPU
		{FD302BC7-BA54-4AE5-B2FA-A54991B812AD}.Debug|x86.Build.0 = Debug|Any CPU
		{FD302BC7-BA54-4AE5-B2FA-A54991B812AD}.Release|Any CPU.ActiveCfg = Release|Any CPU
		{FD302BC7-BA54-4AE5-B2FA-A54991B812AD}.Release|Any CPU.Build.0 = Release|Any CPU
		{FD302BC7-BA54-4AE5-B2FA-A54991B812AD}.Release|x64.ActiveCfg = Release|Any CPU
		{FD302BC7-BA54-4AE5-B2FA-A54991B812AD}.Release|x64.Build.0 = Release|Any CPU
		{FD302BC7-BA54-4AE5-B2FA-A54991B812AD}.Release|x86.ActiveCfg = Release|Any CPU
		{FD302BC7-BA54-4AE5-B2FA-A54991B812AD}.Release|x86.Build.0 = Release|Any CPU
		{EC22CAF6-C1C6-4716-8C14-EBCDF91FA0C0}.Debug|Any CPU.ActiveCfg = Debug|Any CPU
		{EC22CAF6-C1C6-4716-8C14-EBCDF91FA0C0}.Debug|Any CPU.Build.0 = Debug|Any CPU
		{EC22CAF6-C1C6-4716-8C14-EBCDF91FA0C0}.Debug|x64.ActiveCfg = Debug|Any CPU
		{EC22CAF6-C1C6-4716-8C14-EBCDF91FA0C0}.Debug|x64.Build.0 = Debug|Any CPU
		{EC22CAF6-C1C6-4716-8C14-EBCDF91FA0C0}.Debug|x86.ActiveCfg = Debug|Any CPU
		{EC22CAF6-C1C6-4716-8C14-EBCDF91FA0C0}.Debug|x86.Build.0 = Debug|Any CPU
		{EC22CAF6-C1C6-4716-8C14-EBCDF91FA0C0}.Release|Any CPU.ActiveCfg = Release|Any CPU
		{EC22CAF6-C1C6-4716-8C14-EBCDF91FA0C0}.Release|Any CPU.Build.0 = Release|Any CPU
		{EC22CAF6-C1C6-4716-8C14-EBCDF91FA0C0}.Release|x64.ActiveCfg = Release|Any CPU
		{EC22CAF6-C1C6-4716-8C14-EBCDF91FA0C0}.Release|x64.Build.0 = Release|Any CPU
		{EC22CAF6-C1C6-4716-8C14-EBCDF91FA0C0}.Release|x86.ActiveCfg = Release|Any CPU
		{EC22CAF6-C1C6-4716-8C14-EBCDF91FA0C0}.Release|x86.Build.0 = Release|Any CPU
		{6119DD48-6C06-440A-8B18-70FBE524A070}.Debug|Any CPU.ActiveCfg = Debug|Any CPU
		{6119DD48-6C06-440A-8B18-70FBE524A070}.Debug|Any CPU.Build.0 = Debug|Any CPU
		{6119DD48-6C06-440A-8B18-70FBE524A070}.Debug|x64.ActiveCfg = Debug|Any CPU
		{6119DD48-6C06-440A-8B18-70FBE524A070}.Debug|x64.Build.0 = Debug|Any CPU
		{6119DD48-6C06-440A-8B18-70FBE524A070}.Debug|x86.ActiveCfg = Debug|Any CPU
		{6119DD48-6C06-440A-8B18-70FBE524A070}.Debug|x86.Build.0 = Debug|Any CPU
		{6119DD48-6C06-440A-8B18-70FBE524A070}.Release|Any CPU.ActiveCfg = Release|Any CPU
		{6119DD48-6C06-440A-8B18-70FBE524A070}.Release|Any CPU.Build.0 = Release|Any CPU
		{6119DD48-6C06-440A-8B18-70FBE524A070}.Release|x64.ActiveCfg = Release|Any CPU
		{6119DD48-6C06-440A-8B18-70FBE524A070}.Release|x64.Build.0 = Release|Any CPU
		{6119DD48-6C06-440A-8B18-70FBE524A070}.Release|x86.ActiveCfg = Release|Any CPU
		{6119DD48-6C06-440A-8B18-70FBE524A070}.Release|x86.Build.0 = Release|Any CPU
		{7A8D89E6-D4DB-4619-885D-6EFCBCCE6FF0}.Debug|Any CPU.ActiveCfg = Debug|Any CPU
		{7A8D89E6-D4DB-4619-885D-6EFCBCCE6FF0}.Debug|Any CPU.Build.0 = Debug|Any CPU
		{7A8D89E6-D4DB-4619-885D-6EFCBCCE6FF0}.Debug|x64.ActiveCfg = Debug|Any CPU
		{7A8D89E6-D4DB-4619-885D-6EFCBCCE6FF0}.Debug|x64.Build.0 = Debug|Any CPU
		{7A8D89E6-D4DB-4619-885D-6EFCBCCE6FF0}.Debug|x86.ActiveCfg = Debug|Any CPU
		{7A8D89E6-D4DB-4619-885D-6EFCBCCE6FF0}.Debug|x86.Build.0 = Debug|Any CPU
		{7A8D89E6-D4DB-4619-885D-6EFCBCCE6FF0}.Release|Any CPU.ActiveCfg = Release|Any CPU
		{7A8D89E6-D4DB-4619-885D-6EFCBCCE6FF0}.Release|Any CPU.Build.0 = Release|Any CPU
		{7A8D89E6-D4DB-4619-885D-6EFCBCCE6FF0}.Release|x64.ActiveCfg = Release|Any CPU
		{7A8D89E6-D4DB-4619-885D-6EFCBCCE6FF0}.Release|x64.Build.0 = Release|Any CPU
		{7A8D89E6-D4DB-4619-885D-6EFCBCCE6FF0}.Release|x86.ActiveCfg = Release|Any CPU
		{7A8D89E6-D4DB-4619-885D-6EFCBCCE6FF0}.Release|x86.Build.0 = Release|Any CPU
	EndGlobalSection
	GlobalSection(SolutionProperties) = preSolution
		HideSolutionNode = FALSE
	EndGlobalSection
	GlobalSection(NestedProjects) = preSolution
		{EC22CAF6-C1C6-4716-8C14-EBCDF91FA0C0} = {52ABDC67-2C28-4B3D-81BD-685FADAD36DE}
		{6119DD48-6C06-440A-8B18-70FBE524A070} = {52ABDC67-2C28-4B3D-81BD-685FADAD36DE}
		{7A8D89E6-D4DB-4619-885D-6EFCBCCE6FF0} = {3816A42D-B2F4-4153-B0FD-768F0B8BE53F}
	EndGlobalSection
	GlobalSection(ExtensibilityGlobals) = postSolution
		SolutionGuid = {273A98C7-6912-4E30-AABA-C3832658D324}
	EndGlobalSection
EndGlobal
